
Microsoft Visual Studio Solution File, Format Version 12.00
# Visual Studio Version 16
VisualStudioVersion = 16.0.30330.147
MinimumVisualStudioVersion = 10.0.40219.1
Project("{FAE04EC0-301F-11D3-BF4B-00C04F79EFBC}") = "Mozi.HttpEmbedded", "Mozi.HttpEmbedded\Mozi.HttpEmbedded.csproj", "{051C3F42-0A53-4A78-A961-28FFA8C17B46}"
EndProject
Project("{FAE04EC0-301F-11D3-BF4B-00C04F79EFBC}") = "Mozi.HttpEmbedded.Test", "Mozi.HttpEmbedded.Test\Mozi.HttpEmbedded.Test.csproj", "{3B2BFA0E-804F-4CB5-B77C-4F1856E6D223}"
EndProject
Project("{FAE04EC0-301F-11D3-BF4B-00C04F79EFBC}") = "Mozi.SSDP", "Mozi.SSDP\Mozi.SSDP.csproj", "{9A64BE58-2308-4F54-8BDE-7FE7154B0058}"
EndProject
Project("{FAE04EC0-301F-11D3-BF4B-00C04F79EFBC}") = "Mozi.StateService", "Mozi.StateService\Mozi.StateService.csproj", "{BBE7558C-DBB2-4B69-82CD-D442FE232F02}"
EndProject
Project("{9A19103F-16F7-4668-BE54-9A1E7A4F7556}") = "Mozi.HttpEmbedded.Test.Net5", "Mozi.HttpEmbedded.Test.Net5\Mozi.HttpEmbedded.Test.Net5.csproj", "{005B5A0D-A690-4E40-85B3-3E9C0BA4B22D}"
EndProject
Project("{FAE04EC0-301F-11D3-BF4B-00C04F79EFBC}") = "Mozi.StateService.Test", "Mozi.StateService.Test\Mozi.StateService.Test.csproj", "{170A717F-6719-4EDC-9F89-3CACEC7F9FD9}"
EndProject
Project("{FAE04EC0-301F-11D3-BF4B-00C04F79EFBC}") = "Mozi.SSDP.Test", "Mozi.SSDP.Test\Mozi.SSDP.Test.csproj", "{EFC1A787-5A5D-49DD-8E9F-DF8F74AD65BB}"
EndProject
Project("{FAE04EC0-301F-11D3-BF4B-00C04F79EFBC}") = "Mozi.Telnet", "Mozi.Telnet\Mozi.Telnet.csproj", "{631073A5-D16D-490A-BAE7-08440FA925AC}"
EndProject
Project("{FAE04EC0-301F-11D3-BF4B-00C04F79EFBC}") = "Mozi.SMTP", "Mozi.SMTP\Mozi.SMTP.csproj", "{80798C39-4586-4049-AE36-28B50067665B}"
EndProject
Project("{FAE04EC0-301F-11D3-BF4B-00C04F79EFBC}") = "Mozi.TFTP", "Mozi.TFTP\Mozi.TFTP.csproj", "{6C4C5C07-4C48-4BF1-921F-E8E352BDF379}"
EndProject
Project("{FAE04EC0-301F-11D3-BF4B-00C04F79EFBC}") = "Mozi.IoT", "Mozi.IoT\Mozi.IoT.csproj", "{A59E18F0-30E5-41E7-9504-02993BCA949B}"
EndProject
Project("{FAE04EC0-301F-11D3-BF4B-00C04F79EFBC}") = "Mozi.DNS", "Mozi.DNS\Mozi.DNS.csproj", "{5EDD104A-1409-43B8-B2B8-E0C39D4B9D1B}"
EndProject
Project("{FAE04EC0-301F-11D3-BF4B-00C04F79EFBC}") = "Mozi.Telnet.Test", "Mozi.Telnet.Test\Mozi.Telnet.Test.csproj", "{74C4354C-538E-4A89-A58B-2007D4D4FD5D}"
EndProject
Project("{FAE04EC0-301F-11D3-BF4B-00C04F79EFBC}") = "Mozi.TLS", "Mozi.TLS\Mozi.TLS.csproj", "{254E0B46-7D73-4968-82FF-5CB9824642A1}"
EndProject
Project("{FAE04EC0-301F-11D3-BF4B-00C04F79EFBC}") = "Mozi.OAuth", "Mozi.OAuth\Mozi.OAuth.csproj", "{9796360F-5754-4179-99AD-A655E7872BF8}"
EndProject
Project("{FAE04EC0-301F-11D3-BF4B-00C04F79EFBC}") = "Mozi.Router", "Mozi.Router\Mozi.Router.csproj", "{BE16B803-AC5A-48DB-A642-96C7F6E63E68}"
EndProject
Project("{FAE04EC0-301F-11D3-BF4B-00C04F79EFBC}") = "Mozi.NTP", "Mozi.NTP\Mozi.NTP.csproj", "{132C6E08-3947-4A4C-A4CA-7819B75FD75D}"
EndProject
Project("{FAE04EC0-301F-11D3-BF4B-00C04F79EFBC}") = "Mozi.Network.Core", "Mozi.Network.Core\Mozi.Network.Core.csproj", "{366B01F8-A607-4B96-B8E0-3BFFA1AB482E}"
EndProject
Project("{FAE04EC0-301F-11D3-BF4B-00C04F79EFBC}") = "Mozi.NTP.Test", "Mozi.NTP.Test\Mozi.NTP.Test.csproj", "{8262541B-6048-49F5-A09E-4967DA31A2AD}"
EndProject
Project("{FAE04EC0-301F-11D3-BF4B-00C04F79EFBC}") = "Mozi.IoT.Client", "Mozi.IoT.Client\Mozi.IoT.Client.csproj", "{F6C4D266-C83B-40E6-980F-771CB438AD45}"
EndProject
Project("{9A19103F-16F7-4668-BE54-9A1E7A4F7556}") = "Mozi.IoT.DebugTool", "Mozi.IoT.DebugTool\Mozi.IoT.DebugTool.csproj", "{4AB49A45-AF32-47D6-B8EB-EBAE34D51872}"
EndProject
Project("{FAE04EC0-301F-11D3-BF4B-00C04F79EFBC}") = "Mozi.IoT.Test", "Mozi.IoT.Test\Mozi.IoT.Test.csproj", "{EC235155-135F-489D-84B7-A4DEAAEB8F35}"
EndProject
Project("{FAE04EC0-301F-11D3-BF4B-00C04F79EFBC}") = "Mozi.IoT.Server", "Mozi.IoT.Server\Mozi.IoT.Server.csproj", "{E82D3587-E2C1-4EA9-8494-7DC3E4D4A5EA}"
EndProject
Project("{FAE04EC0-301F-11D3-BF4B-00C04F79EFBC}") = "Mozi.MQTT", "Mozi.MQTT\Mozi.MQTT.csproj", "{630FAFA1-82D4-49E0-B5A7-6D627DC34AD2}"
EndProject
Project("{9A19103F-16F7-4668-BE54-9A1E7A4F7556}") = "Mozi.IoT.Test.Net5", "Mozi.IoT.Test.Net5\Mozi.IoT.Test.Net5.csproj", "{643A28B2-80E9-4B36-BF71-896C4EAFFE01}"
EndProject
Project("{FAE04EC0-301F-11D3-BF4B-00C04F79EFBC}") = "Mozi.Live", "Mozi.Live\Mozi.Live.csproj", "{A0AC4AED-0F9E-4BD9-AEA7-385F0BAC7056}"
EndProject
Project("{FAE04EC0-301F-11D3-BF4B-00C04F79EFBC}") = "Mozi.IoT.CoAP", "Mozi.IoT.CoAP\Mozi.IoT.CoAP.csproj", "{B92C76CE-3F4B-4E73-958F-8D20EB6C8013}"
EndProject
Project("{FAE04EC0-301F-11D3-BF4B-00C04F79EFBC}") = "Mozi.Encode.CBOR", "Mozi.Encode.CBOR\Mozi.Encode.CBOR.csproj", "{AA09C467-EB36-4927-8520-61285834051A}"
EndProject
Project("{FAE04EC0-301F-11D3-BF4B-00C04F79EFBC}") = "Mozi.Encode.Test", "Mozi.Encode.Test\Mozi.Encode.Test.csproj", "{B59F9DBA-FAA9-4386-B614-731254004EFB}"
EndProject
Global
	GlobalSection(SolutionConfigurationPlatforms) = preSolution
		Debug|Any CPU = Debug|Any CPU
		Debug|x86 = Debug|x86
		Release|Any CPU = Release|Any CPU
		Release|x86 = Release|x86
		ReleaseBinaries|Any CPU = ReleaseBinaries|Any CPU
		ReleaseBinaries|x86 = ReleaseBinaries|x86
	EndGlobalSection
	GlobalSection(ProjectConfigurationPlatforms) = postSolution
		{051C3F42-0A53-4A78-A961-28FFA8C17B46}.Debug|Any CPU.ActiveCfg = Debug|x86
		{051C3F42-0A53-4A78-A961-28FFA8C17B46}.Debug|Any CPU.Build.0 = Debug|x86
		{051C3F42-0A53-4A78-A961-28FFA8C17B46}.Debug|x86.ActiveCfg = Debug|x86
		{051C3F42-0A53-4A78-A961-28FFA8C17B46}.Debug|x86.Build.0 = Debug|x86
		{051C3F42-0A53-4A78-A961-28FFA8C17B46}.Release|Any CPU.ActiveCfg = Release|x86
		{051C3F42-0A53-4A78-A961-28FFA8C17B46}.Release|x86.ActiveCfg = Release|x86
		{051C3F42-0A53-4A78-A961-28FFA8C17B46}.Release|x86.Build.0 = Release|x86
		{051C3F42-0A53-4A78-A961-28FFA8C17B46}.ReleaseBinaries|Any CPU.ActiveCfg = Release|x86
		{051C3F42-0A53-4A78-A961-28FFA8C17B46}.ReleaseBinaries|Any CPU.Build.0 = Release|x86
		{051C3F42-0A53-4A78-A961-28FFA8C17B46}.ReleaseBinaries|x86.ActiveCfg = Release|x86
		{051C3F42-0A53-4A78-A961-28FFA8C17B46}.ReleaseBinaries|x86.Build.0 = Release|x86
		{3B2BFA0E-804F-4CB5-B77C-4F1856E6D223}.Debug|Any CPU.ActiveCfg = Debug|Any CPU
		{3B2BFA0E-804F-4CB5-B77C-4F1856E6D223}.Debug|Any CPU.Build.0 = Debug|Any CPU
		{3B2BFA0E-804F-4CB5-B77C-4F1856E6D223}.Debug|x86.ActiveCfg = Debug|Any CPU
		{3B2BFA0E-804F-4CB5-B77C-4F1856E6D223}.Debug|x86.Build.0 = Debug|Any CPU
		{3B2BFA0E-804F-4CB5-B77C-4F1856E6D223}.Release|Any CPU.ActiveCfg = Release|Any CPU
		{3B2BFA0E-804F-4CB5-B77C-4F1856E6D223}.Release|Any CPU.Build.0 = Release|Any CPU
		{3B2BFA0E-804F-4CB5-B77C-4F1856E6D223}.Release|x86.ActiveCfg = Release|Any CPU
		{3B2BFA0E-804F-4CB5-B77C-4F1856E6D223}.Release|x86.Build.0 = Release|Any CPU
		{3B2BFA0E-804F-4CB5-B77C-4F1856E6D223}.ReleaseBinaries|Any CPU.ActiveCfg = Release|Any CPU
		{3B2BFA0E-804F-4CB5-B77C-4F1856E6D223}.ReleaseBinaries|Any CPU.Build.0 = Release|Any CPU
		{3B2BFA0E-804F-4CB5-B77C-4F1856E6D223}.ReleaseBinaries|x86.ActiveCfg = Release|Any CPU
		{3B2BFA0E-804F-4CB5-B77C-4F1856E6D223}.ReleaseBinaries|x86.Build.0 = Release|Any CPU
		{9A64BE58-2308-4F54-8BDE-7FE7154B0058}.Debug|Any CPU.ActiveCfg = Debug|Any CPU
		{9A64BE58-2308-4F54-8BDE-7FE7154B0058}.Debug|Any CPU.Build.0 = Debug|Any CPU
		{9A64BE58-2308-4F54-8BDE-7FE7154B0058}.Debug|x86.ActiveCfg = Debug|Any CPU
		{9A64BE58-2308-4F54-8BDE-7FE7154B0058}.Debug|x86.Build.0 = Debug|Any CPU
		{9A64BE58-2308-4F54-8BDE-7FE7154B0058}.Release|Any CPU.ActiveCfg = Release|Any CPU
		{9A64BE58-2308-4F54-8BDE-7FE7154B0058}.Release|Any CPU.Build.0 = Release|Any CPU
		{9A64BE58-2308-4F54-8BDE-7FE7154B0058}.Release|x86.ActiveCfg = Release|Any CPU
		{9A64BE58-2308-4F54-8BDE-7FE7154B0058}.Release|x86.Build.0 = Release|Any CPU
		{9A64BE58-2308-4F54-8BDE-7FE7154B0058}.ReleaseBinaries|Any CPU.ActiveCfg = Release|Any CPU
		{9A64BE58-2308-4F54-8BDE-7FE7154B0058}.ReleaseBinaries|Any CPU.Build.0 = Release|Any CPU
		{9A64BE58-2308-4F54-8BDE-7FE7154B0058}.ReleaseBinaries|x86.ActiveCfg = Release|Any CPU
		{9A64BE58-2308-4F54-8BDE-7FE7154B0058}.ReleaseBinaries|x86.Build.0 = Release|Any CPU
		{BBE7558C-DBB2-4B69-82CD-D442FE232F02}.Debug|Any CPU.ActiveCfg = Debug|Any CPU
		{BBE7558C-DBB2-4B69-82CD-D442FE232F02}.Debug|Any CPU.Build.0 = Debug|Any CPU
		{BBE7558C-DBB2-4B69-82CD-D442FE232F02}.Debug|x86.ActiveCfg = Debug|Any CPU
		{BBE7558C-DBB2-4B69-82CD-D442FE232F02}.Debug|x86.Build.0 = Debug|Any CPU
		{BBE7558C-DBB2-4B69-82CD-D442FE232F02}.Release|Any CPU.ActiveCfg = Release|Any CPU
		{BBE7558C-DBB2-4B69-82CD-D442FE232F02}.Release|Any CPU.Build.0 = Release|Any CPU
		{BBE7558C-DBB2-4B69-82CD-D442FE232F02}.Release|x86.ActiveCfg = Release|Any CPU
		{BBE7558C-DBB2-4B69-82CD-D442FE232F02}.Release|x86.Build.0 = Release|Any CPU
		{BBE7558C-DBB2-4B69-82CD-D442FE232F02}.ReleaseBinaries|Any CPU.ActiveCfg = Release|Any CPU
		{BBE7558C-DBB2-4B69-82CD-D442FE232F02}.ReleaseBinaries|Any CPU.Build.0 = Release|Any CPU
		{BBE7558C-DBB2-4B69-82CD-D442FE232F02}.ReleaseBinaries|x86.ActiveCfg = Release|Any CPU
		{BBE7558C-DBB2-4B69-82CD-D442FE232F02}.ReleaseBinaries|x86.Build.0 = Release|Any CPU
		{005B5A0D-A690-4E40-85B3-3E9C0BA4B22D}.Debug|Any CPU.ActiveCfg = Debug|Any CPU
		{005B5A0D-A690-4E40-85B3-3E9C0BA4B22D}.Debug|Any CPU.Build.0 = Debug|Any CPU
		{005B5A0D-A690-4E40-85B3-3E9C0BA4B22D}.Debug|x86.ActiveCfg = Debug|Any CPU
		{005B5A0D-A690-4E40-85B3-3E9C0BA4B22D}.Debug|x86.Build.0 = Debug|Any CPU
		{005B5A0D-A690-4E40-85B3-3E9C0BA4B22D}.Release|Any CPU.ActiveCfg = Release|Any CPU
		{005B5A0D-A690-4E40-85B3-3E9C0BA4B22D}.Release|Any CPU.Build.0 = Release|Any CPU
		{005B5A0D-A690-4E40-85B3-3E9C0BA4B22D}.Release|x86.ActiveCfg = Release|Any CPU
		{005B5A0D-A690-4E40-85B3-3E9C0BA4B22D}.Release|x86.Build.0 = Release|Any CPU
		{005B5A0D-A690-4E40-85B3-3E9C0BA4B22D}.ReleaseBinaries|Any CPU.ActiveCfg = Release|Any CPU
		{005B5A0D-A690-4E40-85B3-3E9C0BA4B22D}.ReleaseBinaries|Any CPU.Build.0 = Release|Any CPU
		{005B5A0D-A690-4E40-85B3-3E9C0BA4B22D}.ReleaseBinaries|x86.ActiveCfg = Release|Any CPU
		{005B5A0D-A690-4E40-85B3-3E9C0BA4B22D}.ReleaseBinaries|x86.Build.0 = Release|Any CPU
		{170A717F-6719-4EDC-9F89-3CACEC7F9FD9}.Debug|Any CPU.ActiveCfg = Debug|Any CPU
		{170A717F-6719-4EDC-9F89-3CACEC7F9FD9}.Debug|Any CPU.Build.0 = Debug|Any CPU
		{170A717F-6719-4EDC-9F89-3CACEC7F9FD9}.Debug|x86.ActiveCfg = Debug|Any CPU
		{170A717F-6719-4EDC-9F89-3CACEC7F9FD9}.Debug|x86.Build.0 = Debug|Any CPU
		{170A717F-6719-4EDC-9F89-3CACEC7F9FD9}.Release|Any CPU.ActiveCfg = Release|Any CPU
		{170A717F-6719-4EDC-9F89-3CACEC7F9FD9}.Release|Any CPU.Build.0 = Release|Any CPU
		{170A717F-6719-4EDC-9F89-3CACEC7F9FD9}.Release|x86.ActiveCfg = Release|Any CPU
		{170A717F-6719-4EDC-9F89-3CACEC7F9FD9}.Release|x86.Build.0 = Release|Any CPU
		{170A717F-6719-4EDC-9F89-3CACEC7F9FD9}.ReleaseBinaries|Any CPU.ActiveCfg = Release|Any CPU
		{170A717F-6719-4EDC-9F89-3CACEC7F9FD9}.ReleaseBinaries|Any CPU.Build.0 = Release|Any CPU
		{170A717F-6719-4EDC-9F89-3CACEC7F9FD9}.ReleaseBinaries|x86.ActiveCfg = Release|Any CPU
		{170A717F-6719-4EDC-9F89-3CACEC7F9FD9}.ReleaseBinaries|x86.Build.0 = Release|Any CPU
		{EFC1A787-5A5D-49DD-8E9F-DF8F74AD65BB}.Debug|Any CPU.ActiveCfg = Debug|Any CPU
		{EFC1A787-5A5D-49DD-8E9F-DF8F74AD65BB}.Debug|Any CPU.Build.0 = Debug|Any CPU
		{EFC1A787-5A5D-49DD-8E9F-DF8F74AD65BB}.Debug|x86.ActiveCfg = Debug|Any CPU
		{EFC1A787-5A5D-49DD-8E9F-DF8F74AD65BB}.Debug|x86.Build.0 = Debug|Any CPU
		{EFC1A787-5A5D-49DD-8E9F-DF8F74AD65BB}.Release|Any CPU.ActiveCfg = Release|Any CPU
		{EFC1A787-5A5D-49DD-8E9F-DF8F74AD65BB}.Release|Any CPU.Build.0 = Release|Any CPU
		{EFC1A787-5A5D-49DD-8E9F-DF8F74AD65BB}.Release|x86.ActiveCfg = Release|Any CPU
		{EFC1A787-5A5D-49DD-8E9F-DF8F74AD65BB}.Release|x86.Build.0 = Release|Any CPU
		{EFC1A787-5A5D-49DD-8E9F-DF8F74AD65BB}.ReleaseBinaries|Any CPU.ActiveCfg = Release|Any CPU
		{EFC1A787-5A5D-49DD-8E9F-DF8F74AD65BB}.ReleaseBinaries|Any CPU.Build.0 = Release|Any CPU
		{EFC1A787-5A5D-49DD-8E9F-DF8F74AD65BB}.ReleaseBinaries|x86.ActiveCfg = Release|Any CPU
		{EFC1A787-5A5D-49DD-8E9F-DF8F74AD65BB}.ReleaseBinaries|x86.Build.0 = Release|Any CPU
		{631073A5-D16D-490A-BAE7-08440FA925AC}.Debug|Any CPU.ActiveCfg = Debug|Any CPU
		{631073A5-D16D-490A-BAE7-08440FA925AC}.Debug|Any CPU.Build.0 = Debug|Any CPU
		{631073A5-D16D-490A-BAE7-08440FA925AC}.Debug|x86.ActiveCfg = Debug|Any CPU
		{631073A5-D16D-490A-BAE7-08440FA925AC}.Debug|x86.Build.0 = Debug|Any CPU
		{631073A5-D16D-490A-BAE7-08440FA925AC}.Release|Any CPU.ActiveCfg = Release|Any CPU
		{631073A5-D16D-490A-BAE7-08440FA925AC}.Release|Any CPU.Build.0 = Release|Any CPU
		{631073A5-D16D-490A-BAE7-08440FA925AC}.Release|x86.ActiveCfg = Release|Any CPU
		{631073A5-D16D-490A-BAE7-08440FA925AC}.Release|x86.Build.0 = Release|Any CPU
		{631073A5-D16D-490A-BAE7-08440FA925AC}.ReleaseBinaries|Any CPU.ActiveCfg = Release|Any CPU
		{631073A5-D16D-490A-BAE7-08440FA925AC}.ReleaseBinaries|Any CPU.Build.0 = Release|Any CPU
		{631073A5-D16D-490A-BAE7-08440FA925AC}.ReleaseBinaries|x86.ActiveCfg = Release|Any CPU
		{631073A5-D16D-490A-BAE7-08440FA925AC}.ReleaseBinaries|x86.Build.0 = Release|Any CPU
		{80798C39-4586-4049-AE36-28B50067665B}.Debug|Any CPU.ActiveCfg = Debug|Any CPU
		{80798C39-4586-4049-AE36-28B50067665B}.Debug|Any CPU.Build.0 = Debug|Any CPU
		{80798C39-4586-4049-AE36-28B50067665B}.Debug|x86.ActiveCfg = Debug|Any CPU
		{80798C39-4586-4049-AE36-28B50067665B}.Debug|x86.Build.0 = Debug|Any CPU
		{80798C39-4586-4049-AE36-28B50067665B}.Release|Any CPU.ActiveCfg = Release|Any CPU
		{80798C39-4586-4049-AE36-28B50067665B}.Release|Any CPU.Build.0 = Release|Any CPU
		{80798C39-4586-4049-AE36-28B50067665B}.Release|x86.ActiveCfg = Release|Any CPU
		{80798C39-4586-4049-AE36-28B50067665B}.Release|x86.Build.0 = Release|Any CPU
		{80798C39-4586-4049-AE36-28B50067665B}.ReleaseBinaries|Any CPU.ActiveCfg = Release|Any CPU
		{80798C39-4586-4049-AE36-28B50067665B}.ReleaseBinaries|Any CPU.Build.0 = Release|Any CPU
		{80798C39-4586-4049-AE36-28B50067665B}.ReleaseBinaries|x86.ActiveCfg = Release|Any CPU
		{80798C39-4586-4049-AE36-28B50067665B}.ReleaseBinaries|x86.Build.0 = Release|Any CPU
		{6C4C5C07-4C48-4BF1-921F-E8E352BDF379}.Debug|Any CPU.ActiveCfg = Debug|Any CPU
		{6C4C5C07-4C48-4BF1-921F-E8E352BDF379}.Debug|Any CPU.Build.0 = Debug|Any CPU
		{6C4C5C07-4C48-4BF1-921F-E8E352BDF379}.Debug|x86.ActiveCfg = Debug|Any CPU
		{6C4C5C07-4C48-4BF1-921F-E8E352BDF379}.Debug|x86.Build.0 = Debug|Any CPU
		{6C4C5C07-4C48-4BF1-921F-E8E352BDF379}.Release|Any CPU.ActiveCfg = Release|Any CPU
		{6C4C5C07-4C48-4BF1-921F-E8E352BDF379}.Release|Any CPU.Build.0 = Release|Any CPU
		{6C4C5C07-4C48-4BF1-921F-E8E352BDF379}.Release|x86.ActiveCfg = Release|Any CPU
		{6C4C5C07-4C48-4BF1-921F-E8E352BDF379}.Release|x86.Build.0 = Release|Any CPU
		{6C4C5C07-4C48-4BF1-921F-E8E352BDF379}.ReleaseBinaries|Any CPU.ActiveCfg = Release|Any CPU
		{6C4C5C07-4C48-4BF1-921F-E8E352BDF379}.ReleaseBinaries|Any CPU.Build.0 = Release|Any CPU
		{6C4C5C07-4C48-4BF1-921F-E8E352BDF379}.ReleaseBinaries|x86.ActiveCfg = Release|Any CPU
		{6C4C5C07-4C48-4BF1-921F-E8E352BDF379}.ReleaseBinaries|x86.Build.0 = Release|Any CPU
		{A59E18F0-30E5-41E7-9504-02993BCA949B}.Debug|Any CPU.ActiveCfg = Debug|Any CPU
		{A59E18F0-30E5-41E7-9504-02993BCA949B}.Debug|Any CPU.Build.0 = Debug|Any CPU
		{A59E18F0-30E5-41E7-9504-02993BCA949B}.Debug|x86.ActiveCfg = Debug|Any CPU
		{A59E18F0-30E5-41E7-9504-02993BCA949B}.Debug|x86.Build.0 = Debug|Any CPU
		{A59E18F0-30E5-41E7-9504-02993BCA949B}.Release|Any CPU.ActiveCfg = Release|Any CPU
		{A59E18F0-30E5-41E7-9504-02993BCA949B}.Release|Any CPU.Build.0 = Release|Any CPU
		{A59E18F0-30E5-41E7-9504-02993BCA949B}.Release|x86.ActiveCfg = Release|Any CPU
		{A59E18F0-30E5-41E7-9504-02993BCA949B}.Release|x86.Build.0 = Release|Any CPU
		{A59E18F0-30E5-41E7-9504-02993BCA949B}.ReleaseBinaries|Any CPU.ActiveCfg = Release|Any CPU
		{A59E18F0-30E5-41E7-9504-02993BCA949B}.ReleaseBinaries|Any CPU.Build.0 = Release|Any CPU
		{A59E18F0-30E5-41E7-9504-02993BCA949B}.ReleaseBinaries|x86.ActiveCfg = Release|Any CPU
		{A59E18F0-30E5-41E7-9504-02993BCA949B}.ReleaseBinaries|x86.Build.0 = Release|Any CPU
		{5EDD104A-1409-43B8-B2B8-E0C39D4B9D1B}.Debug|Any CPU.ActiveCfg = Debug|Any CPU
		{5EDD104A-1409-43B8-B2B8-E0C39D4B9D1B}.Debug|Any CPU.Build.0 = Debug|Any CPU
		{5EDD104A-1409-43B8-B2B8-E0C39D4B9D1B}.Debug|x86.ActiveCfg = Debug|Any CPU
		{5EDD104A-1409-43B8-B2B8-E0C39D4B9D1B}.Debug|x86.Build.0 = Debug|Any CPU
		{5EDD104A-1409-43B8-B2B8-E0C39D4B9D1B}.Release|Any CPU.ActiveCfg = Release|Any CPU
		{5EDD104A-1409-43B8-B2B8-E0C39D4B9D1B}.Release|Any CPU.Build.0 = Release|Any CPU
		{5EDD104A-1409-43B8-B2B8-E0C39D4B9D1B}.Release|x86.ActiveCfg = Release|Any CPU
		{5EDD104A-1409-43B8-B2B8-E0C39D4B9D1B}.Release|x86.Build.0 = Release|Any CPU
		{5EDD104A-1409-43B8-B2B8-E0C39D4B9D1B}.ReleaseBinaries|Any CPU.ActiveCfg = Release|Any CPU
		{5EDD104A-1409-43B8-B2B8-E0C39D4B9D1B}.ReleaseBinaries|Any CPU.Build.0 = Release|Any CPU
		{5EDD104A-1409-43B8-B2B8-E0C39D4B9D1B}.ReleaseBinaries|x86.ActiveCfg = Release|Any CPU
		{5EDD104A-1409-43B8-B2B8-E0C39D4B9D1B}.ReleaseBinaries|x86.Build.0 = Release|Any CPU
		{74C4354C-538E-4A89-A58B-2007D4D4FD5D}.Debug|Any CPU.ActiveCfg = Debug|Any CPU
		{74C4354C-538E-4A89-A58B-2007D4D4FD5D}.Debug|Any CPU.Build.0 = Debug|Any CPU
		{74C4354C-538E-4A89-A58B-2007D4D4FD5D}.Debug|x86.ActiveCfg = Debug|Any CPU
		{74C4354C-538E-4A89-A58B-2007D4D4FD5D}.Debug|x86.Build.0 = Debug|Any CPU
		{74C4354C-538E-4A89-A58B-2007D4D4FD5D}.Release|Any CPU.ActiveCfg = Release|Any CPU
		{74C4354C-538E-4A89-A58B-2007D4D4FD5D}.Release|Any CPU.Build.0 = Release|Any CPU
		{74C4354C-538E-4A89-A58B-2007D4D4FD5D}.Release|x86.ActiveCfg = Release|Any CPU
		{74C4354C-538E-4A89-A58B-2007D4D4FD5D}.Release|x86.Build.0 = Release|Any CPU
		{74C4354C-538E-4A89-A58B-2007D4D4FD5D}.ReleaseBinaries|Any CPU.ActiveCfg = Release|Any CPU
		{74C4354C-538E-4A89-A58B-2007D4D4FD5D}.ReleaseBinaries|Any CPU.Build.0 = Release|Any CPU
		{74C4354C-538E-4A89-A58B-2007D4D4FD5D}.ReleaseBinaries|x86.ActiveCfg = Release|Any CPU
		{74C4354C-538E-4A89-A58B-2007D4D4FD5D}.ReleaseBinaries|x86.Build.0 = Release|Any CPU
		{254E0B46-7D73-4968-82FF-5CB9824642A1}.Debug|Any CPU.ActiveCfg = Debug|Any CPU
		{254E0B46-7D73-4968-82FF-5CB9824642A1}.Debug|Any CPU.Build.0 = Debug|Any CPU
		{254E0B46-7D73-4968-82FF-5CB9824642A1}.Debug|x86.ActiveCfg = Debug|Any CPU
		{254E0B46-7D73-4968-82FF-5CB9824642A1}.Debug|x86.Build.0 = Debug|Any CPU
		{254E0B46-7D73-4968-82FF-5CB9824642A1}.Release|Any CPU.ActiveCfg = Release|Any CPU
		{254E0B46-7D73-4968-82FF-5CB9824642A1}.Release|Any CPU.Build.0 = Release|Any CPU
		{254E0B46-7D73-4968-82FF-5CB9824642A1}.Release|x86.ActiveCfg = Release|Any CPU
		{254E0B46-7D73-4968-82FF-5CB9824642A1}.Release|x86.Build.0 = Release|Any CPU
		{254E0B46-7D73-4968-82FF-5CB9824642A1}.ReleaseBinaries|Any CPU.ActiveCfg = Release|Any CPU
		{254E0B46-7D73-4968-82FF-5CB9824642A1}.ReleaseBinaries|Any CPU.Build.0 = Release|Any CPU
		{254E0B46-7D73-4968-82FF-5CB9824642A1}.ReleaseBinaries|x86.ActiveCfg = Release|Any CPU
		{254E0B46-7D73-4968-82FF-5CB9824642A1}.ReleaseBinaries|x86.Build.0 = Release|Any CPU
		{9796360F-5754-4179-99AD-A655E7872BF8}.Debug|Any CPU.ActiveCfg = Debug|Any CPU
		{9796360F-5754-4179-99AD-A655E7872BF8}.Debug|Any CPU.Build.0 = Debug|Any CPU
		{9796360F-5754-4179-99AD-A655E7872BF8}.Debug|x86.ActiveCfg = Debug|Any CPU
		{9796360F-5754-4179-99AD-A655E7872BF8}.Debug|x86.Build.0 = Debug|Any CPU
		{9796360F-5754-4179-99AD-A655E7872BF8}.Release|Any CPU.ActiveCfg = Release|Any CPU
		{9796360F-5754-4179-99AD-A655E7872BF8}.Release|Any CPU.Build.0 = Release|Any CPU
		{9796360F-5754-4179-99AD-A655E7872BF8}.Release|x86.ActiveCfg = Release|Any CPU
		{9796360F-5754-4179-99AD-A655E7872BF8}.Release|x86.Build.0 = Release|Any CPU
		{9796360F-5754-4179-99AD-A655E7872BF8}.ReleaseBinaries|Any CPU.ActiveCfg = Release|Any CPU
		{9796360F-5754-4179-99AD-A655E7872BF8}.ReleaseBinaries|Any CPU.Build.0 = Release|Any CPU
		{9796360F-5754-4179-99AD-A655E7872BF8}.ReleaseBinaries|x86.ActiveCfg = Release|Any CPU
		{9796360F-5754-4179-99AD-A655E7872BF8}.ReleaseBinaries|x86.Build.0 = Release|Any CPU
		{BE16B803-AC5A-48DB-A642-96C7F6E63E68}.Debug|Any CPU.ActiveCfg = Debug|Any CPU
		{BE16B803-AC5A-48DB-A642-96C7F6E63E68}.Debug|Any CPU.Build.0 = Debug|Any CPU
		{BE16B803-AC5A-48DB-A642-96C7F6E63E68}.Debug|x86.ActiveCfg = Debug|Any CPU
		{BE16B803-AC5A-48DB-A642-96C7F6E63E68}.Debug|x86.Build.0 = Debug|Any CPU
		{BE16B803-AC5A-48DB-A642-96C7F6E63E68}.Release|Any CPU.ActiveCfg = Release|Any CPU
		{BE16B803-AC5A-48DB-A642-96C7F6E63E68}.Release|Any CPU.Build.0 = Release|Any CPU
		{BE16B803-AC5A-48DB-A642-96C7F6E63E68}.Release|x86.ActiveCfg = Release|Any CPU
		{BE16B803-AC5A-48DB-A642-96C7F6E63E68}.Release|x86.Build.0 = Release|Any CPU
		{BE16B803-AC5A-48DB-A642-96C7F6E63E68}.ReleaseBinaries|Any CPU.ActiveCfg = Release|Any CPU
		{BE16B803-AC5A-48DB-A642-96C7F6E63E68}.ReleaseBinaries|Any CPU.Build.0 = Release|Any CPU
		{BE16B803-AC5A-48DB-A642-96C7F6E63E68}.ReleaseBinaries|x86.ActiveCfg = Release|Any CPU
		{BE16B803-AC5A-48DB-A642-96C7F6E63E68}.ReleaseBinaries|x86.Build.0 = Release|Any CPU
		{132C6E08-3947-4A4C-A4CA-7819B75FD75D}.Debug|Any CPU.ActiveCfg = Debug|Any CPU
		{132C6E08-3947-4A4C-A4CA-7819B75FD75D}.Debug|Any CPU.Build.0 = Debug|Any CPU
		{132C6E08-3947-4A4C-A4CA-7819B75FD75D}.Debug|x86.ActiveCfg = Debug|Any CPU
		{132C6E08-3947-4A4C-A4CA-7819B75FD75D}.Debug|x86.Build.0 = Debug|Any CPU
		{132C6E08-3947-4A4C-A4CA-7819B75FD75D}.Release|Any CPU.ActiveCfg = Release|Any CPU
		{132C6E08-3947-4A4C-A4CA-7819B75FD75D}.Release|Any CPU.Build.0 = Release|Any CPU
		{132C6E08-3947-4A4C-A4CA-7819B75FD75D}.Release|x86.ActiveCfg = Release|Any CPU
		{132C6E08-3947-4A4C-A4CA-7819B75FD75D}.Release|x86.Build.0 = Release|Any CPU
		{132C6E08-3947-4A4C-A4CA-7819B75FD75D}.ReleaseBinaries|Any CPU.ActiveCfg = Release|Any CPU
		{132C6E08-3947-4A4C-A4CA-7819B75FD75D}.ReleaseBinaries|Any CPU.Build.0 = Release|Any CPU
		{132C6E08-3947-4A4C-A4CA-7819B75FD75D}.ReleaseBinaries|x86.ActiveCfg = Release|Any CPU
		{132C6E08-3947-4A4C-A4CA-7819B75FD75D}.ReleaseBinaries|x86.Build.0 = Release|Any CPU
		{366B01F8-A607-4B96-B8E0-3BFFA1AB482E}.Debug|Any CPU.ActiveCfg = Debug|Any CPU
		{366B01F8-A607-4B96-B8E0-3BFFA1AB482E}.Debug|Any CPU.Build.0 = Debug|Any CPU
		{366B01F8-A607-4B96-B8E0-3BFFA1AB482E}.Debug|x86.ActiveCfg = Debug|Any CPU
		{366B01F8-A607-4B96-B8E0-3BFFA1AB482E}.Debug|x86.Build.0 = Debug|Any CPU
		{366B01F8-A607-4B96-B8E0-3BFFA1AB482E}.Release|Any CPU.ActiveCfg = Release|Any CPU
		{366B01F8-A607-4B96-B8E0-3BFFA1AB482E}.Release|Any CPU.Build.0 = Release|Any CPU
		{366B01F8-A607-4B96-B8E0-3BFFA1AB482E}.Release|x86.ActiveCfg = Release|Any CPU
		{366B01F8-A607-4B96-B8E0-3BFFA1AB482E}.Release|x86.Build.0 = Release|Any CPU
		{366B01F8-A607-4B96-B8E0-3BFFA1AB482E}.ReleaseBinaries|Any CPU.ActiveCfg = Release|Any CPU
		{366B01F8-A607-4B96-B8E0-3BFFA1AB482E}.ReleaseBinaries|Any CPU.Build.0 = Release|Any CPU
		{366B01F8-A607-4B96-B8E0-3BFFA1AB482E}.ReleaseBinaries|x86.ActiveCfg = Release|Any CPU
		{366B01F8-A607-4B96-B8E0-3BFFA1AB482E}.ReleaseBinaries|x86.Build.0 = Release|Any CPU
		{8262541B-6048-49F5-A09E-4967DA31A2AD}.Debug|Any CPU.ActiveCfg = Debug|Any CPU
		{8262541B-6048-49F5-A09E-4967DA31A2AD}.Debug|Any CPU.Build.0 = Debug|Any CPU
		{8262541B-6048-49F5-A09E-4967DA31A2AD}.Debug|x86.ActiveCfg = Debug|Any CPU
		{8262541B-6048-49F5-A09E-4967DA31A2AD}.Debug|x86.Build.0 = Debug|Any CPU
		{8262541B-6048-49F5-A09E-4967DA31A2AD}.Release|Any CPU.ActiveCfg = Release|Any CPU
		{8262541B-6048-49F5-A09E-4967DA31A2AD}.Release|Any CPU.Build.0 = Release|Any CPU
		{8262541B-6048-49F5-A09E-4967DA31A2AD}.Release|x86.ActiveCfg = Release|Any CPU
		{8262541B-6048-49F5-A09E-4967DA31A2AD}.Release|x86.Build.0 = Release|Any CPU
		{8262541B-6048-49F5-A09E-4967DA31A2AD}.ReleaseBinaries|Any CPU.ActiveCfg = Release|Any CPU
		{8262541B-6048-49F5-A09E-4967DA31A2AD}.ReleaseBinaries|Any CPU.Build.0 = Release|Any CPU
		{8262541B-6048-49F5-A09E-4967DA31A2AD}.ReleaseBinaries|x86.ActiveCfg = Release|Any CPU
		{8262541B-6048-49F5-A09E-4967DA31A2AD}.ReleaseBinaries|x86.Build.0 = Release|Any CPU
		{F6C4D266-C83B-40E6-980F-771CB438AD45}.Debug|Any CPU.ActiveCfg = Debug|Any CPU
		{F6C4D266-C83B-40E6-980F-771CB438AD45}.Debug|Any CPU.Build.0 = Debug|Any CPU
		{F6C4D266-C83B-40E6-980F-771CB438AD45}.Debug|x86.ActiveCfg = Debug|Any CPU
		{F6C4D266-C83B-40E6-980F-771CB438AD45}.Debug|x86.Build.0 = Debug|Any CPU
		{F6C4D266-C83B-40E6-980F-771CB438AD45}.Release|Any CPU.ActiveCfg = Release|Any CPU
		{F6C4D266-C83B-40E6-980F-771CB438AD45}.Release|Any CPU.Build.0 = Release|Any CPU
		{F6C4D266-C83B-40E6-980F-771CB438AD45}.Release|x86.ActiveCfg = Release|Any CPU
		{F6C4D266-C83B-40E6-980F-771CB438AD45}.Release|x86.Build.0 = Release|Any CPU
		{F6C4D266-C83B-40E6-980F-771CB438AD45}.ReleaseBinaries|Any CPU.ActiveCfg = Release|Any CPU
		{F6C4D266-C83B-40E6-980F-771CB438AD45}.ReleaseBinaries|Any CPU.Build.0 = Release|Any CPU
		{F6C4D266-C83B-40E6-980F-771CB438AD45}.ReleaseBinaries|x86.ActiveCfg = Release|Any CPU
		{F6C4D266-C83B-40E6-980F-771CB438AD45}.ReleaseBinaries|x86.Build.0 = Release|Any CPU
		{4AB49A45-AF32-47D6-B8EB-EBAE34D51872}.Debug|Any CPU.ActiveCfg = Debug|Any CPU
		{4AB49A45-AF32-47D6-B8EB-EBAE34D51872}.Debug|Any CPU.Build.0 = Debug|Any CPU
		{4AB49A45-AF32-47D6-B8EB-EBAE34D51872}.Debug|x86.ActiveCfg = Debug|Any CPU
		{4AB49A45-AF32-47D6-B8EB-EBAE34D51872}.Debug|x86.Build.0 = Debug|Any CPU
		{4AB49A45-AF32-47D6-B8EB-EBAE34D51872}.Release|Any CPU.ActiveCfg = Release|Any CPU
		{4AB49A45-AF32-47D6-B8EB-EBAE34D51872}.Release|Any CPU.Build.0 = Release|Any CPU
		{4AB49A45-AF32-47D6-B8EB-EBAE34D51872}.Release|x86.ActiveCfg = Release|Any CPU
		{4AB49A45-AF32-47D6-B8EB-EBAE34D51872}.Release|x86.Build.0 = Release|Any CPU
		{4AB49A45-AF32-47D6-B8EB-EBAE34D51872}.ReleaseBinaries|Any CPU.ActiveCfg = Release|Any CPU
		{4AB49A45-AF32-47D6-B8EB-EBAE34D51872}.ReleaseBinaries|Any CPU.Build.0 = Release|Any CPU
		{4AB49A45-AF32-47D6-B8EB-EBAE34D51872}.ReleaseBinaries|x86.ActiveCfg = Release|Any CPU
		{4AB49A45-AF32-47D6-B8EB-EBAE34D51872}.ReleaseBinaries|x86.Build.0 = Release|Any CPU
		{EC235155-135F-489D-84B7-A4DEAAEB8F35}.Debug|Any CPU.ActiveCfg = Debug|Any CPU
		{EC235155-135F-489D-84B7-A4DEAAEB8F35}.Debug|Any CPU.Build.0 = Debug|Any CPU
		{EC235155-135F-489D-84B7-A4DEAAEB8F35}.Debug|x86.ActiveCfg = Debug|Any CPU
		{EC235155-135F-489D-84B7-A4DEAAEB8F35}.Debug|x86.Build.0 = Debug|Any CPU
		{EC235155-135F-489D-84B7-A4DEAAEB8F35}.Release|Any CPU.ActiveCfg = Release|Any CPU
		{EC235155-135F-489D-84B7-A4DEAAEB8F35}.Release|Any CPU.Build.0 = Release|Any CPU
		{EC235155-135F-489D-84B7-A4DEAAEB8F35}.Release|x86.ActiveCfg = Release|Any CPU
		{EC235155-135F-489D-84B7-A4DEAAEB8F35}.Release|x86.Build.0 = Release|Any CPU
		{EC235155-135F-489D-84B7-A4DEAAEB8F35}.ReleaseBinaries|Any CPU.ActiveCfg = Release|Any CPU
		{EC235155-135F-489D-84B7-A4DEAAEB8F35}.ReleaseBinaries|Any CPU.Build.0 = Release|Any CPU
		{EC235155-135F-489D-84B7-A4DEAAEB8F35}.ReleaseBinaries|x86.ActiveCfg = Release|Any CPU
		{EC235155-135F-489D-84B7-A4DEAAEB8F35}.ReleaseBinaries|x86.Build.0 = Release|Any CPU
		{E82D3587-E2C1-4EA9-8494-7DC3E4D4A5EA}.Debug|Any CPU.ActiveCfg = Debug|Any CPU
		{E82D3587-E2C1-4EA9-8494-7DC3E4D4A5EA}.Debug|Any CPU.Build.0 = Debug|Any CPU
		{E82D3587-E2C1-4EA9-8494-7DC3E4D4A5EA}.Debug|x86.ActiveCfg = Debug|Any CPU
		{E82D3587-E2C1-4EA9-8494-7DC3E4D4A5EA}.Debug|x86.Build.0 = Debug|Any CPU
		{E82D3587-E2C1-4EA9-8494-7DC3E4D4A5EA}.Release|Any CPU.ActiveCfg = Release|Any CPU
		{E82D3587-E2C1-4EA9-8494-7DC3E4D4A5EA}.Release|Any CPU.Build.0 = Release|Any CPU
		{E82D3587-E2C1-4EA9-8494-7DC3E4D4A5EA}.Release|x86.ActiveCfg = Release|Any CPU
		{E82D3587-E2C1-4EA9-8494-7DC3E4D4A5EA}.Release|x86.Build.0 = Release|Any CPU
		{E82D3587-E2C1-4EA9-8494-7DC3E4D4A5EA}.ReleaseBinaries|Any CPU.ActiveCfg = Release|Any CPU
		{E82D3587-E2C1-4EA9-8494-7DC3E4D4A5EA}.ReleaseBinaries|Any CPU.Build.0 = Release|Any CPU
		{E82D3587-E2C1-4EA9-8494-7DC3E4D4A5EA}.ReleaseBinaries|x86.ActiveCfg = Release|Any CPU
		{E82D3587-E2C1-4EA9-8494-7DC3E4D4A5EA}.ReleaseBinaries|x86.Build.0 = Release|Any CPU
		{630FAFA1-82D4-49E0-B5A7-6D627DC34AD2}.Debug|Any CPU.ActiveCfg = Debug|Any CPU
		{630FAFA1-82D4-49E0-B5A7-6D627DC34AD2}.Debug|Any CPU.Build.0 = Debug|Any CPU
		{630FAFA1-82D4-49E0-B5A7-6D627DC34AD2}.Debug|x86.ActiveCfg = Debug|Any CPU
		{630FAFA1-82D4-49E0-B5A7-6D627DC34AD2}.Debug|x86.Build.0 = Debug|Any CPU
		{630FAFA1-82D4-49E0-B5A7-6D627DC34AD2}.Release|Any CPU.ActiveCfg = Release|Any CPU
		{630FAFA1-82D4-49E0-B5A7-6D627DC34AD2}.Release|Any CPU.Build.0 = Release|Any CPU
		{630FAFA1-82D4-49E0-B5A7-6D627DC34AD2}.Release|x86.ActiveCfg = Release|Any CPU
		{630FAFA1-82D4-49E0-B5A7-6D627DC34AD2}.Release|x86.Build.0 = Release|Any CPU
		{630FAFA1-82D4-49E0-B5A7-6D627DC34AD2}.ReleaseBinaries|Any CPU.ActiveCfg = Release|Any CPU
		{630FAFA1-82D4-49E0-B5A7-6D627DC34AD2}.ReleaseBinaries|Any CPU.Build.0 = Release|Any CPU
		{630FAFA1-82D4-49E0-B5A7-6D627DC34AD2}.ReleaseBinaries|x86.ActiveCfg = Release|Any CPU
		{630FAFA1-82D4-49E0-B5A7-6D627DC34AD2}.ReleaseBinaries|x86.Build.0 = Release|Any CPU
		{643A28B2-80E9-4B36-BF71-896C4EAFFE01}.Debug|Any CPU.ActiveCfg = Debug|Any CPU
		{643A28B2-80E9-4B36-BF71-896C4EAFFE01}.Debug|Any CPU.Build.0 = Debug|Any CPU
		{643A28B2-80E9-4B36-BF71-896C4EAFFE01}.Debug|x86.ActiveCfg = Debug|Any CPU
		{643A28B2-80E9-4B36-BF71-896C4EAFFE01}.Debug|x86.Build.0 = Debug|Any CPU
		{643A28B2-80E9-4B36-BF71-896C4EAFFE01}.Release|Any CPU.ActiveCfg = Release|Any CPU
		{643A28B2-80E9-4B36-BF71-896C4EAFFE01}.Release|Any CPU.Build.0 = Release|Any CPU
		{643A28B2-80E9-4B36-BF71-896C4EAFFE01}.Release|x86.ActiveCfg = Release|Any CPU
		{643A28B2-80E9-4B36-BF71-896C4EAFFE01}.Release|x86.Build.0 = Release|Any CPU
		{643A28B2-80E9-4B36-BF71-896C4EAFFE01}.ReleaseBinaries|Any CPU.ActiveCfg = Release|Any CPU
		{643A28B2-80E9-4B36-BF71-896C4EAFFE01}.ReleaseBinaries|Any CPU.Build.0 = Release|Any CPU
		{643A28B2-80E9-4B36-BF71-896C4EAFFE01}.ReleaseBinaries|x86.ActiveCfg = Release|Any CPU
		{643A28B2-80E9-4B36-BF71-896C4EAFFE01}.ReleaseBinaries|x86.Build.0 = Release|Any CPU
		{A0AC4AED-0F9E-4BD9-AEA7-385F0BAC7056}.Debug|Any CPU.ActiveCfg = Debug|Any CPU
		{A0AC4AED-0F9E-4BD9-AEA7-385F0BAC7056}.Debug|Any CPU.Build.0 = Debug|Any CPU
		{A0AC4AED-0F9E-4BD9-AEA7-385F0BAC7056}.Debug|x86.ActiveCfg = Debug|Any CPU
		{A0AC4AED-0F9E-4BD9-AEA7-385F0BAC7056}.Debug|x86.Build.0 = Debug|Any CPU
		{A0AC4AED-0F9E-4BD9-AEA7-385F0BAC7056}.Release|Any CPU.ActiveCfg = Release|Any CPU
		{A0AC4AED-0F9E-4BD9-AEA7-385F0BAC7056}.Release|Any CPU.Build.0 = Release|Any CPU
		{A0AC4AED-0F9E-4BD9-AEA7-385F0BAC7056}.Release|x86.ActiveCfg = Release|Any CPU
		{A0AC4AED-0F9E-4BD9-AEA7-385F0BAC7056}.Release|x86.Build.0 = Release|Any CPU
		{A0AC4AED-0F9E-4BD9-AEA7-385F0BAC7056}.ReleaseBinaries|Any CPU.ActiveCfg = Release|Any CPU
		{A0AC4AED-0F9E-4BD9-AEA7-385F0BAC7056}.ReleaseBinaries|Any CPU.Build.0 = Release|Any CPU
		{A0AC4AED-0F9E-4BD9-AEA7-385F0BAC7056}.ReleaseBinaries|x86.ActiveCfg = Release|Any CPU
		{A0AC4AED-0F9E-4BD9-AEA7-385F0BAC7056}.ReleaseBinaries|x86.Build.0 = Release|Any CPU
		{B92C76CE-3F4B-4E73-958F-8D20EB6C8013}.Debug|Any CPU.ActiveCfg = Debug|Any CPU
		{B92C76CE-3F4B-4E73-958F-8D20EB6C8013}.Debug|Any CPU.Build.0 = Debug|Any CPU
		{B92C76CE-3F4B-4E73-958F-8D20EB6C8013}.Debug|x86.ActiveCfg = Debug|Any CPU
		{B92C76CE-3F4B-4E73-958F-8D20EB6C8013}.Debug|x86.Build.0 = Debug|Any CPU
		{B92C76CE-3F4B-4E73-958F-8D20EB6C8013}.Release|Any CPU.ActiveCfg = Release|Any CPU
		{B92C76CE-3F4B-4E73-958F-8D20EB6C8013}.Release|Any CPU.Build.0 = Release|Any CPU
		{B92C76CE-3F4B-4E73-958F-8D20EB6C8013}.Release|x86.ActiveCfg = Release|Any CPU
		{B92C76CE-3F4B-4E73-958F-8D20EB6C8013}.Release|x86.Build.0 = Release|Any CPU
		{B92C76CE-3F4B-4E73-958F-8D20EB6C8013}.ReleaseBinaries|Any CPU.ActiveCfg = Release|Any CPU
		{B92C76CE-3F4B-4E73-958F-8D20EB6C8013}.ReleaseBinaries|Any CPU.Build.0 = Release|Any CPU
		{B92C76CE-3F4B-4E73-958F-8D20EB6C8013}.ReleaseBinaries|x86.ActiveCfg = Release|Any CPU
		{B92C76CE-3F4B-4E73-958F-8D20EB6C8013}.ReleaseBinaries|x86.Build.0 = Release|Any CPU
		{AA09C467-EB36-4927-8520-61285834051A}.Debug|Any CPU.ActiveCfg = Debug|Any CPU
		{AA09C467-EB36-4927-8520-61285834051A}.Debug|Any CPU.Build.0 = Debug|Any CPU
		{AA09C467-EB36-4927-8520-61285834051A}.Debug|x86.ActiveCfg = Debug|Any CPU
		{AA09C467-EB36-4927-8520-61285834051A}.Debug|x86.Build.0 = Debug|Any CPU
		{AA09C467-EB36-4927-8520-61285834051A}.Release|Any CPU.ActiveCfg = Release|Any CPU
		{AA09C467-EB36-4927-8520-61285834051A}.Release|Any CPU.Build.0 = Release|Any CPU
		{AA09C467-EB36-4927-8520-61285834051A}.Release|x86.ActiveCfg = Release|Any CPU
		{AA09C467-EB36-4927-8520-61285834051A}.Release|x86.Build.0 = Release|Any CPU
		{AA09C467-EB36-4927-8520-61285834051A}.ReleaseBinaries|Any CPU.ActiveCfg = Release|Any CPU
		{AA09C467-EB36-4927-8520-61285834051A}.ReleaseBinaries|Any CPU.Build.0 = Release|Any CPU
		{AA09C467-EB36-4927-8520-61285834051A}.ReleaseBinaries|x86.ActiveCfg = Release|Any CPU
		{AA09C467-EB36-4927-8520-61285834051A}.ReleaseBinaries|x86.Build.0 = Release|Any CPU
		{B59F9DBA-FAA9-4386-B614-731254004EFB}.Debug|Any CPU.ActiveCfg = Debug|Any CPU
		{B59F9DBA-FAA9-4386-B614-731254004EFB}.Debug|Any CPU.Build.0 = Debug|Any CPU
		{B59F9DBA-FAA9-4386-B614-731254004EFB}.Debug|x86.ActiveCfg = Debug|Any CPU
		{B59F9DBA-FAA9-4386-B614-731254004EFB}.Debug|x86.Build.0 = Debug|Any CPU
		{B59F9DBA-FAA9-4386-B614-731254004EFB}.Release|Any CPU.ActiveCfg = Release|Any CPU
		{B59F9DBA-FAA9-4386-B614-731254004EFB}.Release|Any CPU.Build.0 = Release|Any CPU
		{B59F9DBA-FAA9-4386-B614-731254004EFB}.Release|x86.ActiveCfg = Release|Any CPU
		{B59F9DBA-FAA9-4386-B614-731254004EFB}.Release|x86.Build.0 = Release|Any CPU
		{B59F9DBA-FAA9-4386-B614-731254004EFB}.ReleaseBinaries|Any CPU.ActiveCfg = Release|Any CPU
		{B59F9DBA-FAA9-4386-B614-731254004EFB}.ReleaseBinaries|Any CPU.Build.0 = Release|Any CPU
		{B59F9DBA-FAA9-4386-B614-731254004EFB}.ReleaseBinaries|x86.ActiveCfg = Release|Any CPU
		{B59F9DBA-FAA9-4386-B614-731254004EFB}.ReleaseBinaries|x86.Build.0 = Release|Any CPU
	EndGlobalSection
	GlobalSection(SolutionProperties) = preSolution
		HideSolutionNode = FALSE
	EndGlobalSection
	GlobalSection(ExtensibilityGlobals) = postSolution
		SolutionGuid = {F418C6F4-7675-411F-B07A-188AE793196B}
	EndGlobalSection
EndGlobal
